// !$*UTF8*$!
{
	archiveVersion = 1;
	classes = {
	};
	objectVersion = 46;
	objects = {

/* Begin PBXBuildFile section */
		57F8618719AFAAE4009F5921 /* AppDelegate.swift in Sources */ = {isa = PBXBuildFile; fileRef = 57F8618619AFAAE4009F5921 /* AppDelegate.swift */; };
		57F8618919AFAAE4009F5921 /* ViewController.swift in Sources */ = {isa = PBXBuildFile; fileRef = 57F8618819AFAAE4009F5921 /* ViewController.swift */; };
		57F8618C19AFAAE4009F5921 /* Main.storyboard in Resources */ = {isa = PBXBuildFile; fileRef = 57F8618A19AFAAE4009F5921 /* Main.storyboard */; };
		57F8618E19AFAAE4009F5921 /* Images.xcassets in Resources */ = {isa = PBXBuildFile; fileRef = 57F8618D19AFAAE4009F5921 /* Images.xcassets */; };
		57F8619A19AFAAE4009F5921 /* SimpleHUDTests.swift in Sources */ = {isa = PBXBuildFile; fileRef = 57F8619919AFAAE4009F5921 /* SimpleHUDTests.swift */; };
		57F861A419AFAE5B009F5921 /* CPSimpleHUD.swift in Sources */ = {isa = PBXBuildFile; fileRef = 57F861A319AFAE5B009F5921 /* CPSimpleHUD.swift */; };
/* End PBXBuildFile section */

/* Begin PBXContainerItemProxy section */
		57F8619419AFAAE4009F5921 /* PBXContainerItemProxy */ = {
			isa = PBXContainerItemProxy;
			containerPortal = 57F8617919AFAAE4009F5921 /* Project object */;
			proxyType = 1;
			remoteGlobalIDString = 57F8618019AFAAE4009F5921;
			remoteInfo = SimpleHUD;
		};
/* End PBXContainerItemProxy section */

/* Begin PBXFileReference section */
		57F8618119AFAAE4009F5921 /* SimpleHUD.app */ = {isa = PBXFileReference; explicitFileType = wrapper.application; includeInIndex = 0; path = SimpleHUD.app; sourceTree = BUILT_PRODUCTS_DIR; };
		57F8618519AFAAE4009F5921 /* Info.plist */ = {isa = PBXFileReference; lastKnownFileType = text.plist.xml; path = Info.plist; sourceTree = "<group>"; };
		57F8618619AFAAE4009F5921 /* AppDelegate.swift */ = {isa = PBXFileReference; lastKnownFileType = sourcecode.swift; path = AppDelegate.swift; sourceTree = "<group>"; };
		57F8618819AFAAE4009F5921 /* ViewController.swift */ = {isa = PBXFileReference; lastKnownFileType = sourcecode.swift; path = ViewController.swift; sourceTree = "<group>"; };
		57F8618B19AFAAE4009F5921 /* Base */ = {isa = PBXFileReference; lastKnownFileType = file.storyboard; name = Base; path = Base.lproj/Main.storyboard; sourceTree = "<group>"; };
		57F8618D19AFAAE4009F5921 /* Images.xcassets */ = {isa = PBXFileReference; lastKnownFileType = folder.assetcatalog; path = Images.xcassets; sourceTree = "<group>"; };
		57F8619319AFAAE4009F5921 /* SimpleHUDTests.xctest */ = {isa = PBXFileReference; explicitFileType = wrapper.cfbundle; includeInIndex = 0; path = SimpleHUDTests.xctest; sourceTree = BUILT_PRODUCTS_DIR; };
		57F8619819AFAAE4009F5921 /* Info.plist */ = {isa = PBXFileReference; lastKnownFileType = text.plist.xml; path = Info.plist; sourceTree = "<group>"; };
		57F8619919AFAAE4009F5921 /* SimpleHUDTests.swift */ = {isa = PBXFileReference; lastKnownFileType = sourcecode.swift; path = SimpleHUDTests.swift; sourceTree = "<group>"; };
		57F861A319AFAE5B009F5921 /* CPSimpleHUD.swift */ = {isa = PBXFileReference; fileEncoding = 4; lastKnownFileType = sourcecode.swift; name = CPSimpleHUD.swift; path = SimpleHUD/CPSimpleHUD.swift; sourceTree = "<group>"; };
/* End PBXFileReference section */

/* Begin PBXFrameworksBuildPhase section */
		57F8617E19AFAAE4009F5921 /* Frameworks */ = {
			isa = PBXFrameworksBuildPhase;
			buildActionMask = 2147483647;
			files = (
			);
			runOnlyForDeploymentPostprocessing = 0;
		};
		57F8619019AFAAE4009F5921 /* Frameworks */ = {
			isa = PBXFrameworksBuildPhase;
			buildActionMask = 2147483647;
			files = (
			);
			runOnlyForDeploymentPostprocessing = 0;
		};
/* End PBXFrameworksBuildPhase section */

/* Begin PBXGroup section */
		57F8617819AFAAE4009F5921 = {
			isa = PBXGroup;
			children = (
				57F8618319AFAAE4009F5921 /* SimpleHUD */,
				57F8619619AFAAE4009F5921 /* SimpleHUDTests */,
				57F8618219AFAAE4009F5921 /* Products */,
			);
			sourceTree = "<group>";
		};
		57F8618219AFAAE4009F5921 /* Products */ = {
			isa = PBXGroup;
			children = (
				57F8618119AFAAE4009F5921 /* SimpleHUD.app */,
				57F8619319AFAAE4009F5921 /* SimpleHUDTests.xctest */,
			);
			name = Products;
			sourceTree = "<group>";
		};
		57F8618319AFAAE4009F5921 /* SimpleHUD */ = {
			isa = PBXGroup;
			children = (
				57F8618619AFAAE4009F5921 /* AppDelegate.swift */,
				57F8618819AFAAE4009F5921 /* ViewController.swift */,
				57F861A319AFAE5B009F5921 /* CPSimpleHUD.swift */,
				57F8618A19AFAAE4009F5921 /* Main.storyboard */,
				57F8618D19AFAAE4009F5921 /* Images.xcassets */,
				57F8618419AFAAE4009F5921 /* Supporting Files */,
			);
			path = SimpleHUD;
			sourceTree = "<group>";
		};
		57F8618419AFAAE4009F5921 /* Supporting Files */ = {
			isa = PBXGroup;
			children = (
				57F8618519AFAAE4009F5921 /* Info.plist */,
			);
			name = "Supporting Files";
			sourceTree = "<group>";
		};
		57F8619619AFAAE4009F5921 /* SimpleHUDTests */ = {
			isa = PBXGroup;
			children = (
				57F8619919AFAAE4009F5921 /* SimpleHUDTests.swift */,
				57F8619719AFAAE4009F5921 /* Supporting Files */,
			);
			path = SimpleHUDTests;
			sourceTree = "<group>";
		};
		57F8619719AFAAE4009F5921 /* Supporting Files */ = {
			isa = PBXGroup;
			children = (
				57F8619819AFAAE4009F5921 /* Info.plist */,
			);
			name = "Supporting Files";
			sourceTree = "<group>";
		};
/* End PBXGroup section */

/* Begin PBXNativeTarget section */
		57F8618019AFAAE4009F5921 /* SimpleHUD */ = {
			isa = PBXNativeTarget;
			buildConfigurationList = 57F8619D19AFAAE4009F5921 /* Build configuration list for PBXNativeTarget "SimpleHUD" */;
			buildPhases = (
				57F8617D19AFAAE4009F5921 /* Sources */,
				57F8617E19AFAAE4009F5921 /* Frameworks */,
				57F8617F19AFAAE4009F5921 /* Resources */,
			);
			buildRules = (
			);
			dependencies = (
			);
			name = SimpleHUD;
			productName = SimpleHUD;
			productReference = 57F8618119AFAAE4009F5921 /* SimpleHUD.app */;
			productType = "com.apple.product-type.application";
		};
		57F8619219AFAAE4009F5921 /* SimpleHUDTests */ = {
			isa = PBXNativeTarget;
			buildConfigurationList = 57F861A019AFAAE4009F5921 /* Build configuration list for PBXNativeTarget "SimpleHUDTests" */;
			buildPhases = (
				57F8618F19AFAAE4009F5921 /* Sources */,
				57F8619019AFAAE4009F5921 /* Frameworks */,
				57F8619119AFAAE4009F5921 /* Resources */,
			);
			buildRules = (
			);
			dependencies = (
				57F8619519AFAAE4009F5921 /* PBXTargetDependency */,
			);
			name = SimpleHUDTests;
			productName = SimpleHUDTests;
			productReference = 57F8619319AFAAE4009F5921 /* SimpleHUDTests.xctest */;
			productType = "com.apple.product-type.bundle.unit-test";
		};
/* End PBXNativeTarget section */

/* Begin PBXProject section */
		57F8617919AFAAE4009F5921 /* Project object */ = {
			isa = PBXProject;
			attributes = {
				LastUpgradeCheck = 0600;
				ORGANIZATIONNAME = k4Nt30;
				TargetAttributes = {
					57F8618019AFAAE4009F5921 = {
						CreatedOnToolsVersion = 6.0;
					};
					57F8619219AFAAE4009F5921 = {
						CreatedOnToolsVersion = 6.0;
						TestTargetID = 57F8618019AFAAE4009F5921;
					};
				};
			};
			buildConfigurationList = 57F8617C19AFAAE4009F5921 /* Build configuration list for PBXProject "SimpleHUD" */;
			compatibilityVersion = "Xcode 3.2";
			developmentRegion = English;
			hasScannedForEncodings = 0;
			knownRegions = (
				en,
				Base,
			);
			mainGroup = 57F8617819AFAAE4009F5921;
			productRefGroup = 57F8618219AFAAE4009F5921 /* Products */;
			projectDirPath = "";
			projectRoot = "";
			targets = (
				57F8618019AFAAE4009F5921 /* SimpleHUD */,
				57F8619219AFAAE4009F5921 /* SimpleHUDTests */,
			);
		};
/* End PBXProject section */

/* Begin PBXResourcesBuildPhase section */
		57F8617F19AFAAE4009F5921 /* Resources */ = {
			isa = PBXResourcesBuildPhase;
			buildActionMask = 2147483647;
			files = (
				57F8618C19AFAAE4009F5921 /* Main.storyboard in Resources */,
				57F8618E19AFAAE4009F5921 /* Images.xcassets in Resources */,
			);
			runOnlyForDeploymentPostprocessing = 0;
		};
		57F8619119AFAAE4009F5921 /* Resources */ = {
			isa = PBXResourcesBuildPhase;
			buildActionMask = 2147483647;
			files = (
			);
			runOnlyForDeploymentPostprocessing = 0;
		};
/* End PBXResourcesBuildPhase section */

/* Begin PBXSourcesBuildPhase section */
		57F8617D19AFAAE4009F5921 /* Sources */ = {
			isa = PBXSourcesBuildPhase;
			buildActionMask = 2147483647;
			files = (
				57F8618919AFAAE4009F5921 /* ViewController.swift in Sources */,
				57F861A419AFAE5B009F5921 /* CPSimpleHUD.swift in Sources */,
				57F8618719AFAAE4009F5921 /* AppDelegate.swift in Sources */,
			);
			runOnlyForDeploymentPostprocessing = 0;
		};
		57F8618F19AFAAE4009F5921 /* Sources */ = {
			isa = PBXSourcesBuildPhase;
			buildActionMask = 2147483647;
			files = (
				57F8619A19AFAAE4009F5921 /* SimpleHUDTests.swift in Sources */,
			);
			runOnlyForDeploymentPostprocessing = 0;
		};
/* End PBXSourcesBuildPhase section */

/* Begin PBXTargetDependency section */
		57F8619519AFAAE4009F5921 /* PBXTargetDependency */ = {
			isa = PBXTargetDependency;
			target = 57F8618019AFAAE4009F5921 /* SimpleHUD */;
			targetProxy = 57F8619419AFAAE4009F5921 /* PBXContainerItemProxy */;
		};
/* End PBXTargetDependency section */

/* Begin PBXVariantGroup section */
		57F8618A19AFAAE4009F5921 /* Main.storyboard */ = {
			isa = PBXVariantGroup;
			children = (
				57F8618B19AFAAE4009F5921 /* Base */,
			);
			name = Main.storyboard;
			sourceTree = "<group>";
		};
/* End PBXVariantGroup section */

/* Begin XCBuildConfiguration section */
		57F8619B19AFAAE4009F5921 /* Debug */ = {
			isa = XCBuildConfiguration;
			buildSettings = {
				ALWAYS_SEARCH_USER_PATHS = NO;
				CLANG_CXX_LANGUAGE_STANDARD = "gnu++0x";
				CLANG_CXX_LIBRARY = "libc++";
				CLANG_ENABLE_MODULES = YES;
				CLANG_ENABLE_OBJC_ARC = YES;
				CLANG_WARN_BOOL_CONVERSION = YES;
				CLANG_WARN_CONSTANT_CONVERSION = YES;
				CLANG_WARN_DIRECT_OBJC_ISA_USAGE = YES_ERROR;
				CLANG_WARN_EMPTY_BODY = YES;
				CLANG_WARN_ENUM_CONVERSION = YES;
				CLANG_WARN_INT_CONVERSION = YES;
				CLANG_WARN_OBJC_ROOT_CLASS = YES_ERROR;
				CLANG_WARN_UNREACHABLE_CODE = YES;
				CLANG_WARN__DUPLICATE_METHOD_MATCH = YES;
				"CODE_SIGN_IDENTITY[sdk=iphoneos*]" = "iPhone Developer";
				COPY_PHASE_STRIP = NO;
				ENABLE_STRICT_OBJC_MSGSEND = YES;
				GCC_C_LANGUAGE_STANDARD = gnu99;
				GCC_DYNAMIC_NO_PIC = NO;
				GCC_OPTIMIZATION_LEVEL = 0;
				GCC_PREPROCESSOR_DEFINITIONS = (
					"DEBUG=1",
					"$(inherited)",
				);
				GCC_SYMBOLS_PRIVATE_EXTERN = NO;
				GCC_WARN_64_TO_32_BIT_CONVERSION = YES;
				GCC_WARN_ABOUT_RETURN_TYPE = YES_ERROR;
				GCC_WARN_UNDECLARED_SELECTOR = YES;
				GCC_WARN_UNINITIALIZED_AUTOS = YES_AGGRESSIVE;
				GCC_WARN_UNUSED_FUNCTION = YES;
				GCC_WARN_UNUSED_VARIABLE = YES;
				IPHONEOS_DEPLOYMENT_TARGET = 8.0;
				MTL_ENABLE_DEBUG_INFO = YES;
				ONLY_ACTIVE_ARCH = YES;
				SDKROOT = iphoneos;
				SWIFT_OPTIMIZATION_LEVEL = "-Onone";
				TARGETED_DEVICE_FAMILY = "1,2";
			};
			name = Debug;
		};
		57F8619C19AFAAE4009F5921 /* Release */ = {
			isa = XCBuildConfiguration;
			buildSettings = {
				ALWAYS_SEARCH_USER_PATHS = NO;
				CLANG_CXX_LANGUAGE_STANDARD = "gnu++0x";
				CLANG_CXX_LIBRARY = "libc++";
				CLANG_ENABLE_MODULES = YES;
				CLANG_ENABLE_OBJC_ARC = YES;
				CLANG_WARN_BOOL_CONVERSION = YES;
				CLANG_WARN_CONSTANT_CONVERSION = YES;
				CLANG_WARN_DIRECT_OBJC_ISA_USAGE = YES_ERROR;
				CLANG_WARN_EMPTY_BODY = YES;
				CLANG_WARN_ENUM_CONVERSION = YES;
				CLANG_WARN_INT_CONVERSION = YES;
				CLANG_WARN_OBJC_ROOT_CLASS = YES_ERROR;
				CLANG_WARN_UNREACHABLE_CODE = YES;
				CLANG_WARN__DUPLICATE_METHOD_MATCH = YES;
				"CODE_SIGN_IDENTITY[sdk=iphoneos*]" = "iPhone Developer";
				COPY_PHASE_STRIP = YES;
				ENABLE_NS_ASSERTIONS = NO;
				ENABLE_STRICT_OBJC_MSGSEND = YES;
				GCC_C_LANGUAGE_STANDARD = gnu99;
				GCC_WARN_64_TO_32_BIT_CONVERSION = YES;
				GCC_WARN_ABOUT_RETURN_TYPE = YES_ERROR;
				GCC_WARN_UNDECLARED_SELECTOR = YES;
				GCC_WARN_UNINITIALIZED_AUTOS = YES_AGGRESSIVE;
				GCC_WARN_UNUSED_FUNCTION = YES;
				GCC_WARN_UNUSED_VARIABLE = YES;
				IPHONEOS_DEPLOYMENT_TARGET = 8.0;
				MTL_ENABLE_DEBUG_INFO = NO;
				SDKROOT = iphoneos;
				TARGETED_DEVICE_FAMILY = "1,2";
				VALIDATE_PRODUCT = YES;
			};
			name = Release;
		};
		57F8619E19AFAAE4009F5921 /* Debug */ = {
			isa = XCBuildConfiguration;
			buildSettings = {
				ASSETCATALOG_COMPILER_APPICON_NAME = AppIcon;
				ASSETCATALOG_COMPILER_LAUNCHIMAGE_NAME = LaunchImage;
				CLANG_ENABLE_MODULES = YES;
				INFOPLIST_FILE = SimpleHUD/Info.plist;
				LD_RUNPATH_SEARCH_PATHS = "$(inherited) @executable_path/Frameworks";
				PRODUCT_NAME = "$(TARGET_NAME)";
				SWIFT_OPTIMIZATION_LEVEL = "-Onone";
			};
			name = Debug;
		};
		57F8619F19AFAAE4009F5921 /* Release */ = {
			isa = XCBuildConfiguration;
			buildSettings = {
				ASSETCATALOG_COMPILER_APPICON_NAME = AppIcon;
				ASSETCATALOG_COMPILER_LAUNCHIMAGE_NAME = LaunchImage;
				CLANG_ENABLE_MODULES = YES;
				INFOPLIST_FILE = SimpleHUD/Info.plist;
				LD_RUNPATH_SEARCH_PATHS = "$(inherited) @executable_path/Frameworks";
				PRODUCT_NAME = "$(TARGET_NAME)";
			};
			name = Release;
		};
		57F861A119AFAAE4009F5921 /* Debug */ = {
			isa = XCBuildConfiguration;
			buildSettings = {
				BUNDLE_LOADER = "$(TEST_HOST)";
				FRAMEWORK_SEARCH_PATHS = (
					"$(SDKROOT)/Developer/Library/Frameworks",
					"$(inherited)",
				);
				GCC_PREPROCESSOR_DEFINITIONS = (
					"DEBUG=1",
					"$(inherited)",
				);
				INFOPLIST_FILE = SimpleHUDTests/Info.plist;
				LD_RUNPATH_SEARCH_PATHS = "$(inherited) @executable_path/Frameworks @loader_path/Frameworks";
				PRODUCT_NAME = "$(TARGET_NAME)";
				TEST_HOST = "$(BUILT_PRODUCTS_DIR)/SimpleHUD.app/SimpleHUD";
			};
			name = Debug;
		};
		57F861A219AFAAE4009F5921 /* Release */ = {
			isa = XCBuildConfiguration;
			buildSettings = {
				BUNDLE_LOADER = "$(TEST_HOST)";
				FRAMEWORK_SEARCH_PATHS = (
					"$(SDKROOT)/Developer/Library/Frameworks",
					"$(inherited)",
				);
				INFOPLIST_FILE = SimpleHUDTests/Info.plist;
				LD_RUNPATH_SEARCH_PATHS = "$(inherited) @executable_path/Frameworks @loader_path/Frameworks";
				PRODUCT_NAME = "$(TARGET_NAME)";
				TEST_HOST = "$(BUILT_PRODUCTS_DIR)/SimpleHUD.app/SimpleHUD";
			};
			name = Release;
		};
/* End XCBuildConfiguration section */

/* Begin XCConfigurationList section */
		57F8617C19AFAAE4009F5921 /* Build configuration list for PBXProject "SimpleHUD" */ = {
			isa = XCConfigurationList;
			buildConfigurations = (
				57F8619B19AFAAE4009F5921 /* Debug */,
				57F8619C19AFAAE4009F5921 /* Release */,
			);
			defaultConfigurationIsVisible = 0;
			defaultConfigurationName = Release;
		};
		57F8619D19AFAAE4009F5921 /* Build configuration list for PBXNativeTarget "SimpleHUD" */ = {
			isa = XCConfigurationList;
			buildConfigurations = (
				57F8619E19AFAAE4009F5921 /* Debug */,
				57F8619F19AFAAE4009F5921 /* Release */,
			);
			defaultConfigurationIsVisible = 0;
			defaultConfigurationName = Release;
		};
		57F861A019AFAAE4009F5921 /* Build configuration list for PBXNativeTarget "SimpleHUDTests" */ = {
			isa = XCConfigurationList;
			buildConfigurations = (
				57F861A119AFAAE4009F5921 /* Debug */,
				57F861A219AFAAE4009F5921 /* Release */,
			);
			defaultConfigurationIsVisible = 0;
			defaultConfigurationName = Release;
		};
/* End XCConfigurationList section */
	};
	rootObject = 57F8617919AFAAE4009F5921 /* Project object */;
}
