// !$*UTF8*$!
{
	archiveVersion = 1;
	classes = {
	};
	objectVersion = 46;
	objects = {

/* Begin PBXBuildFile section */
		5767C5F11A8167BA003BC821 /* main.m in Sources */ = {isa = PBXBuildFile; fileRef = 5767C5F01A8167BA003BC821 /* main.m */; };
		5767C5F41A8167BA003BC821 /* AppDelegate.m in Sources */ = {isa = PBXBuildFile; fileRef = 5767C5F31A8167BA003BC821 /* AppDelegate.m */; };
		5767C5F71A8167BA003BC821 /* ViewController.m in Sources */ = {isa = PBXBuildFile; fileRef = 5767C5F61A8167BA003BC821 /* ViewController.m */; };
		5767C5FA1A8167BA003BC821 /* Main.storyboard in Resources */ = {isa = PBXBuildFile; fileRef = 5767C5F81A8167BA003BC821 /* Main.storyboard */; };
		5767C5FC1A8167BA003BC821 /* Images.xcassets in Resources */ = {isa = PBXBuildFile; fileRef = 5767C5FB1A8167BA003BC821 /* Images.xcassets */; };
		5767C5FF1A8167BA003BC821 /* LaunchScreen.xib in Resources */ = {isa = PBXBuildFile; fileRef = 5767C5FD1A8167BA003BC821 /* LaunchScreen.xib */; };
		5767C60B1A8167BA003BC821 /* DemoObjectiveCTests.m in Sources */ = {isa = PBXBuildFile; fileRef = 5767C60A1A8167BA003BC821 /* DemoObjectiveCTests.m */; };
/* End PBXBuildFile section */

/* Begin PBXContainerItemProxy section */
		5767C6051A8167BA003BC821 /* PBXContainerItemProxy */ = {
			isa = PBXContainerItemProxy;
			containerPortal = 5767C5E31A8167B9003BC821 /* Project object */;
			proxyType = 1;
			remoteGlobalIDString = 5767C5EA1A8167BA003BC821;
			remoteInfo = DemoObjectiveC;
		};
/* End PBXContainerItemProxy section */

/* Begin PBXFileReference section */
		5767C5EB1A8167BA003BC821 /* DemoObjectiveC.app */ = {isa = PBXFileReference; explicitFileType = wrapper.application; includeInIndex = 0; path = DemoObjectiveC.app; sourceTree = BUILT_PRODUCTS_DIR; };
		5767C5EF1A8167BA003BC821 /* Info.plist */ = {isa = PBXFileReference; lastKnownFileType = text.plist.xml; path = Info.plist; sourceTree = "<group>"; };
		5767C5F01A8167BA003BC821 /* main.m */ = {isa = PBXFileReference; lastKnownFileType = sourcecode.c.objc; path = main.m; sourceTree = "<group>"; };
		5767C5F21A8167BA003BC821 /* AppDelegate.h */ = {isa = PBXFileReference; lastKnownFileType = sourcecode.c.h; path = AppDelegate.h; sourceTree = "<group>"; };
		5767C5F31A8167BA003BC821 /* AppDelegate.m */ = {isa = PBXFileReference; lastKnownFileType = sourcecode.c.objc; path = AppDelegate.m; sourceTree = "<group>"; };
		5767C5F51A8167BA003BC821 /* ViewController.h */ = {isa = PBXFileReference; lastKnownFileType = sourcecode.c.h; path = ViewController.h; sourceTree = "<group>"; };
		5767C5F61A8167BA003BC821 /* ViewController.m */ = {isa = PBXFileReference; lastKnownFileType = sourcecode.c.objc; path = ViewController.m; sourceTree = "<group>"; };
		5767C5F91A8167BA003BC821 /* Base */ = {isa = PBXFileReference; lastKnownFileType = file.storyboard; name = Base; path = Base.lproj/Main.storyboard; sourceTree = "<group>"; };
		5767C5FB1A8167BA003BC821 /* Images.xcassets */ = {isa = PBXFileReference; lastKnownFileType = folder.assetcatalog; path = Images.xcassets; sourceTree = "<group>"; };
		5767C5FE1A8167BA003BC821 /* Base */ = {isa = PBXFileReference; lastKnownFileType = file.xib; name = Base; path = Base.lproj/LaunchScreen.xib; sourceTree = "<group>"; };
		5767C6041A8167BA003BC821 /* DemoObjectiveCTests.xctest */ = {isa = PBXFileReference; explicitFileType = wrapper.cfbundle; includeInIndex = 0; path = DemoObjectiveCTests.xctest; sourceTree = BUILT_PRODUCTS_DIR; };
		5767C6091A8167BA003BC821 /* Info.plist */ = {isa = PBXFileReference; lastKnownFileType = text.plist.xml; path = Info.plist; sourceTree = "<group>"; };
		5767C60A1A8167BA003BC821 /* DemoObjectiveCTests.m */ = {isa = PBXFileReference; lastKnownFileType = sourcecode.c.objc; path = DemoObjectiveCTests.m; sourceTree = "<group>"; };
/* End PBXFileReference section */

/* Begin PBXFrameworksBuildPhase section */
		5767C5E81A8167BA003BC821 /* Frameworks */ = {
			isa = PBXFrameworksBuildPhase;
			buildActionMask = 2147483647;
			files = (
			);
			runOnlyForDeploymentPostprocessing = 0;
		};
		5767C6011A8167BA003BC821 /* Frameworks */ = {
			isa = PBXFrameworksBuildPhase;
			buildActionMask = 2147483647;
			files = (
			);
			runOnlyForDeploymentPostprocessing = 0;
		};
/* End PBXFrameworksBuildPhase section */

/* Begin PBXGroup section */
		5767C5E21A8167B9003BC821 = {
			isa = PBXGroup;
			children = (
				5767C5ED1A8167BA003BC821 /* DemoObjectiveC */,
				5767C6071A8167BA003BC821 /* DemoObjectiveCTests */,
				5767C5EC1A8167BA003BC821 /* Products */,
			);
			sourceTree = "<group>";
		};
		5767C5EC1A8167BA003BC821 /* Products */ = {
			isa = PBXGroup;
			children = (
				5767C5EB1A8167BA003BC821 /* DemoObjectiveC.app */,
				5767C6041A8167BA003BC821 /* DemoObjectiveCTests.xctest */,
			);
			name = Products;
			sourceTree = "<group>";
		};
		5767C5ED1A8167BA003BC821 /* DemoObjectiveC */ = {
			isa = PBXGroup;
			children = (
				5767C5F21A8167BA003BC821 /* AppDelegate.h */,
				5767C5F31A8167BA003BC821 /* AppDelegate.m */,
				5767C5F51A8167BA003BC821 /* ViewController.h */,
				5767C5F61A8167BA003BC821 /* ViewController.m */,
				5767C5F81A8167BA003BC821 /* Main.storyboard */,
				5767C5FB1A8167BA003BC821 /* Images.xcassets */,
				5767C5FD1A8167BA003BC821 /* LaunchScreen.xib */,
				5767C5EE1A8167BA003BC821 /* Supporting Files */,
			);
			path = DemoObjectiveC;
			sourceTree = "<group>";
		};
		5767C5EE1A8167BA003BC821 /* Supporting Files */ = {
			isa = PBXGroup;
			children = (
				5767C5EF1A8167BA003BC821 /* Info.plist */,
				5767C5F01A8167BA003BC821 /* main.m */,
			);
			name = "Supporting Files";
			sourceTree = "<group>";
		};
		5767C6071A8167BA003BC821 /* DemoObjectiveCTests */ = {
			isa = PBXGroup;
			children = (
				5767C60A1A8167BA003BC821 /* DemoObjectiveCTests.m */,
				5767C6081A8167BA003BC821 /* Supporting Files */,
			);
			path = DemoObjectiveCTests;
			sourceTree = "<group>";
		};
		5767C6081A8167BA003BC821 /* Supporting Files */ = {
			isa = PBXGroup;
			children = (
				5767C6091A8167BA003BC821 /* Info.plist */,
			);
			name = "Supporting Files";
			sourceTree = "<group>";
		};
/* End PBXGroup section */

/* Begin PBXNativeTarget section */
		5767C5EA1A8167BA003BC821 /* DemoObjectiveC */ = {
			isa = PBXNativeTarget;
			buildConfigurationList = 5767C60E1A8167BA003BC821 /* Build configuration list for PBXNativeTarget "DemoObjectiveC" */;
			buildPhases = (
				5767C5E71A8167BA003BC821 /* Sources */,
				5767C5E81A8167BA003BC821 /* Frameworks */,
				5767C5E91A8167BA003BC821 /* Resources */,
			);
			buildRules = (
			);
			dependencies = (
			);
			name = DemoObjectiveC;
			productName = DemoObjectiveC;
			productReference = 5767C5EB1A8167BA003BC821 /* DemoObjectiveC.app */;
			productType = "com.apple.product-type.application";
		};
		5767C6031A8167BA003BC821 /* DemoObjectiveCTests */ = {
			isa = PBXNativeTarget;
			buildConfigurationList = 5767C6111A8167BA003BC821 /* Build configuration list for PBXNativeTarget "DemoObjectiveCTests" */;
			buildPhases = (
				5767C6001A8167BA003BC821 /* Sources */,
				5767C6011A8167BA003BC821 /* Frameworks */,
				5767C6021A8167BA003BC821 /* Resources */,
			);
			buildRules = (
			);
			dependencies = (
				5767C6061A8167BA003BC821 /* PBXTargetDependency */,
			);
			name = DemoObjectiveCTests;
			productName = DemoObjectiveCTests;
			productReference = 5767C6041A8167BA003BC821 /* DemoObjectiveCTests.xctest */;
			productType = "com.apple.product-type.bundle.unit-test";
		};
/* End PBXNativeTarget section */

/* Begin PBXProject section */
		5767C5E31A8167B9003BC821 /* Project object */ = {
			isa = PBXProject;
			attributes = {
				LastUpgradeCheck = 0610;
				ORGANIZATIONNAME = cepages;
				TargetAttributes = {
					5767C5EA1A8167BA003BC821 = {
						CreatedOnToolsVersion = 6.1.1;
					};
					5767C6031A8167BA003BC821 = {
						CreatedOnToolsVersion = 6.1.1;
						TestTargetID = 5767C5EA1A8167BA003BC821;
					};
				};
			};
			buildConfigurationList = 5767C5E61A8167B9003BC821 /* Build configuration list for PBXProject "DemoObjectiveC" */;
			compatibilityVersion = "Xcode 3.2";
			developmentRegion = English;
			hasScannedForEncodings = 0;
			knownRegions = (
				en,
				Base,
			);
			mainGroup = 5767C5E21A8167B9003BC821;
			productRefGroup = 5767C5EC1A8167BA003BC821 /* Products */;
			projectDirPath = "";
			projectRoot = "";
			targets = (
				5767C5EA1A8167BA003BC821 /* DemoObjectiveC */,
				5767C6031A8167BA003BC821 /* DemoObjectiveCTests */,
			);
		};
/* End PBXProject section */

/* Begin PBXResourcesBuildPhase section */
		5767C5E91A8167BA003BC821 /* Resources */ = {
			isa = PBXResourcesBuildPhase;
			buildActionMask = 2147483647;
			files = (
				5767C5FA1A8167BA003BC821 /* Main.storyboard in Resources */,
				5767C5FF1A8167BA003BC821 /* LaunchScreen.xib in Resources */,
				5767C5FC1A8167BA003BC821 /* Images.xcassets in Resources */,
			);
			runOnlyForDeploymentPostprocessing = 0;
		};
		5767C6021A8167BA003BC821 /* Resources */ = {
			isa = PBXResourcesBuildPhase;
			buildActionMask = 2147483647;
			files = (
			);
			runOnlyForDeploymentPostprocessing = 0;
		};
/* End PBXResourcesBuildPhase section */

/* Begin PBXSourcesBuildPhase section */
		5767C5E71A8167BA003BC821 /* Sources */ = {
			isa = PBXSourcesBuildPhase;
			buildActionMask = 2147483647;
			files = (
				5767C5F71A8167BA003BC821 /* ViewController.m in Sources */,
				5767C5F41A8167BA003BC821 /* AppDelegate.m in Sources */,
				5767C5F11A8167BA003BC821 /* main.m in Sources */,
			);
			runOnlyForDeploymentPostprocessing = 0;
		};
		5767C6001A8167BA003BC821 /* Sources */ = {
			isa = PBXSourcesBuildPhase;
			buildActionMask = 2147483647;
			files = (
				5767C60B1A8167BA003BC821 /* DemoObjectiveCTests.m in Sources */,
			);
			runOnlyForDeploymentPostprocessing = 0;
		};
/* End PBXSourcesBuildPhase section */

/* Begin PBXTargetDependency section */
		5767C6061A8167BA003BC821 /* PBXTargetDependency */ = {
			isa = PBXTargetDependency;
			target = 5767C5EA1A8167BA003BC821 /* DemoObjectiveC */;
			targetProxy = 5767C6051A8167BA003BC821 /* PBXContainerItemProxy */;
		};
/* End PBXTargetDependency section */

/* Begin PBXVariantGroup section */
		5767C5F81A8167BA003BC821 /* Main.storyboard */ = {
			isa = PBXVariantGroup;
			children = (
				5767C5F91A8167BA003BC821 /* Base */,
			);
			name = Main.storyboard;
			sourceTree = "<group>";
		};
		5767C5FD1A8167BA003BC821 /* LaunchScreen.xib */ = {
			isa = PBXVariantGroup;
			children = (
				5767C5FE1A8167BA003BC821 /* Base */,
			);
			name = LaunchScreen.xib;
			sourceTree = "<group>";
		};
/* End PBXVariantGroup section */

/* Begin XCBuildConfiguration section */
		5767C60C1A8167BA003BC821 /* Debug */ = {
			isa = XCBuildConfiguration;
			buildSettings = {
				ALWAYS_SEARCH_USER_PATHS = NO;
				CLANG_CXX_LANGUAGE_STANDARD = "gnu++0x";
				CLANG_CXX_LIBRARY = "libc++";
				CLANG_ENABLE_MODULES = YES;
				CLANG_ENABLE_OBJC_ARC = YES;
				CLANG_WARN_BOOL_CONVERSION = YES;
				CLANG_WARN_CONSTANT_CONVERSION = YES;
				CLANG_WARN_DIRECT_OBJC_ISA_USAGE = YES_ERROR;
				CLANG_WARN_EMPTY_BODY = YES;
				CLANG_WARN_ENUM_CONVERSION = YES;
				CLANG_WARN_INT_CONVERSION = YES;
				CLANG_WARN_OBJC_ROOT_CLASS = YES_ERROR;
				CLANG_WARN_UNREACHABLE_CODE = YES;
				CLANG_WARN__DUPLICATE_METHOD_MATCH = YES;
				"CODE_SIGN_IDENTITY[sdk=iphoneos*]" = "iPhone Developer";
				COPY_PHASE_STRIP = NO;
				ENABLE_STRICT_OBJC_MSGSEND = YES;
				GCC_C_LANGUAGE_STANDARD = gnu99;
				GCC_DYNAMIC_NO_PIC = NO;
				GCC_OPTIMIZATION_LEVEL = 0;
				GCC_PREPROCESSOR_DEFINITIONS = (
					"DEBUG=1",
					"$(inherited)",
				);
				GCC_SYMBOLS_PRIVATE_EXTERN = NO;
				GCC_WARN_64_TO_32_BIT_CONVERSION = YES;
				GCC_WARN_ABOUT_RETURN_TYPE = YES_ERROR;
				GCC_WARN_UNDECLARED_SELECTOR = YES;
				GCC_WARN_UNINITIALIZED_AUTOS = YES_AGGRESSIVE;
				GCC_WARN_UNUSED_FUNCTION = YES;
				GCC_WARN_UNUSED_VARIABLE = YES;
				IPHONEOS_DEPLOYMENT_TARGET = 8.1;
				MTL_ENABLE_DEBUG_INFO = YES;
				ONLY_ACTIVE_ARCH = YES;
				SDKROOT = iphoneos;
				TARGETED_DEVICE_FAMILY = "1,2";
			};
			name = Debug;
		};
		5767C60D1A8167BA003BC821 /* Release */ = {
			isa = XCBuildConfiguration;
			buildSettings = {
				ALWAYS_SEARCH_USER_PATHS = NO;
				CLANG_CXX_LANGUAGE_STANDARD = "gnu++0x";
				CLANG_CXX_LIBRARY = "libc++";
				CLANG_ENABLE_MODULES = YES;
				CLANG_ENABLE_OBJC_ARC = YES;
				CLANG_WARN_BOOL_CONVERSION = YES;
				CLANG_WARN_CONSTANT_CONVERSION = YES;
				CLANG_WARN_DIRECT_OBJC_ISA_USAGE = YES_ERROR;
				CLANG_WARN_EMPTY_BODY = YES;
				CLANG_WARN_ENUM_CONVERSION = YES;
				CLANG_WARN_INT_CONVERSION = YES;
				CLANG_WARN_OBJC_ROOT_CLASS = YES_ERROR;
				CLANG_WARN_UNREACHABLE_CODE = YES;
				CLANG_WARN__DUPLICATE_METHOD_MATCH = YES;
				"CODE_SIGN_IDENTITY[sdk=iphoneos*]" = "iPhone Developer";
				COPY_PHASE_STRIP = YES;
				ENABLE_NS_ASSERTIONS = NO;
				ENABLE_STRICT_OBJC_MSGSEND = YES;
				GCC_C_LANGUAGE_STANDARD = gnu99;
				GCC_WARN_64_TO_32_BIT_CONVERSION = YES;
				GCC_WARN_ABOUT_RETURN_TYPE = YES_ERROR;
				GCC_WARN_UNDECLARED_SELECTOR = YES;
				GCC_WARN_UNINITIALIZED_AUTOS = YES_AGGRESSIVE;
				GCC_WARN_UNUSED_FUNCTION = YES;
				GCC_WARN_UNUSED_VARIABLE = YES;
				IPHONEOS_DEPLOYMENT_TARGET = 8.1;
				MTL_ENABLE_DEBUG_INFO = NO;
				SDKROOT = iphoneos;
				TARGETED_DEVICE_FAMILY = "1,2";
				VALIDATE_PRODUCT = YES;
			};
			name = Release;
		};
		5767C60F1A8167BA003BC821 /* Debug */ = {
			isa = XCBuildConfiguration;
			buildSettings = {
				ASSETCATALOG_COMPILER_APPICON_NAME = AppIcon;
				INFOPLIST_FILE = DemoObjectiveC/Info.plist;
				LD_RUNPATH_SEARCH_PATHS = "$(inherited) @executable_path/Frameworks";
				PRODUCT_NAME = "$(TARGET_NAME)";
			};
			name = Debug;
		};
		5767C6101A8167BA003BC821 /* Release */ = {
			isa = XCBuildConfiguration;
			buildSettings = {
				ASSETCATALOG_COMPILER_APPICON_NAME = AppIcon;
				INFOPLIST_FILE = DemoObjectiveC/Info.plist;
				LD_RUNPATH_SEARCH_PATHS = "$(inherited) @executable_path/Frameworks";
				PRODUCT_NAME = "$(TARGET_NAME)";
			};
			name = Release;
		};
		5767C6121A8167BA003BC821 /* Debug */ = {
			isa = XCBuildConfiguration;
			buildSettings = {
				BUNDLE_LOADER = "$(TEST_HOST)";
				FRAMEWORK_SEARCH_PATHS = (
					"$(SDKROOT)/Developer/Library/Frameworks",
					"$(inherited)",
				);
				GCC_PREPROCESSOR_DEFINITIONS = (
					"DEBUG=1",
					"$(inherited)",
				);
				INFOPLIST_FILE = DemoObjectiveCTests/Info.plist;
				LD_RUNPATH_SEARCH_PATHS = "$(inherited) @executable_path/Frameworks @loader_path/Frameworks";
				PRODUCT_NAME = "$(TARGET_NAME)";
				TEST_HOST = "$(BUILT_PRODUCTS_DIR)/DemoObjectiveC.app/DemoObjectiveC";
			};
			name = Debug;
		};
		5767C6131A8167BA003BC821 /* Release */ = {
			isa = XCBuildConfiguration;
			buildSettings = {
				BUNDLE_LOADER = "$(TEST_HOST)";
				FRAMEWORK_SEARCH_PATHS = (
					"$(SDKROOT)/Developer/Library/Frameworks",
					"$(inherited)",
				);
				INFOPLIST_FILE = DemoObjectiveCTests/Info.plist;
				LD_RUNPATH_SEARCH_PATHS = "$(inherited) @executable_path/Frameworks @loader_path/Frameworks";
				PRODUCT_NAME = "$(TARGET_NAME)";
				TEST_HOST = "$(BUILT_PRODUCTS_DIR)/DemoObjectiveC.app/DemoObjectiveC";
			};
			name = Release;
		};
/* End XCBuildConfiguration section */

/* Begin XCConfigurationList section */
		5767C5E61A8167B9003BC821 /* Build configuration list for PBXProject "DemoObjectiveC" */ = {
			isa = XCConfigurationList;
			buildConfigurations = (
				5767C60C1A8167BA003BC821 /* Debug */,
				5767C60D1A8167BA003BC821 /* Release */,
			);
			defaultConfigurationIsVisible = 0;
			defaultConfigurationName = Release;
		};
		5767C60E1A8167BA003BC821 /* Build configuration list for PBXNativeTarget "DemoObjectiveC" */ = {
			isa = XCConfigurationList;
			buildConfigurations = (
				5767C60F1A8167BA003BC821 /* Debug */,
				5767C6101A8167BA003BC821 /* Release */,
			);
			defaultConfigurationIsVisible = 0;
		};
		5767C6111A8167BA003BC821 /* Build configuration list for PBXNativeTarget "DemoObjectiveCTests" */ = {
			isa = XCConfigurationList;
			buildConfigurations = (
				5767C6121A8167BA003BC821 /* Debug */,
				5767C6131A8167BA003BC821 /* Release */,
			);
			defaultConfigurationIsVisible = 0;
		};
/* End XCConfigurationList section */
	};
	rootObject = 5767C5E31A8167B9003BC821 /* Project object */;
}
